
Microsoft Visual Studio Solution File, Format Version 12.00
# Visual Studio Version 16
VisualStudioVersion = 16.0.34729.46
MinimumVisualStudioVersion = 10.0.40219.1
Project("{FAE04EC0-301F-11D3-BF4B-00C04F79EFBC}") = "ID Parsing App", "ID Parsing App.csproj", "{687C7F38-3160-4B67-9D02-A836103572D7}"
EndProject
Global
	GlobalSection(SolutionConfigurationPlatforms) = preSolution
		Debug|Any CPU = Debug|Any CPU
		Release|Any CPU = Release|Any CPU
	EndGlobalSection
	GlobalSection(ProjectConfigurationPlatforms) = postSolution
		{687C7F38-3160-4B67-9D02-A836103572D7}.Debug|Any CPU.ActiveCfg = Debug|Any CPU
		{687C7F38-3160-4B67-9D02-A836103572D7}.Debug|Any CPU.Build.0 = Debug|Any CPU
		{687C7F38-3160-4B67-9D02-A836103572D7}.Release|Any CPU.ActiveCfg = Release|Any CPU
		{687C7F38-3160-4B67-9D02-A836103572D7}.Release|Any CPU.Build.0 = Release|Any CPU
	EndGlobalSection
	GlobalSection(SolutionProperties) = preSolution
		HideSolutionNode = FALSE
	EndGlobalSection
	GlobalSection(ExtensibilityGlobals) = postSolution
		SolutionGuid = {61F918DC-F966-4093-B90C-12D9A6A2026F}
	EndGlobalSection
EndGlobal
